// !$*UTF8*$!
{
	archiveVersion = 1;
	classes = {
	};
	objectVersion = 55;
	objects = {

/* Begin PBXBuildFile section */
		37996FDA27943A4B00DBA67C /* AppDelegate.swift in Sources */ = {isa = PBXBuildFile; fileRef = 37996FD927943A4B00DBA67C /* AppDelegate.swift */; };
		37996FDC27943A4B00DBA67C /* SceneDelegate.swift in Sources */ = {isa = PBXBuildFile; fileRef = 37996FDB27943A4B00DBA67C /* SceneDelegate.swift */; };
		37996FE127943A4B00DBA67C /* Main.storyboard in Resources */ = {isa = PBXBuildFile; fileRef = 37996FDF27943A4B00DBA67C /* Main.storyboard */; };
		37996FE327943A4E00DBA67C /* Assets.xcassets in Resources */ = {isa = PBXBuildFile; fileRef = 37996FE227943A4E00DBA67C /* Assets.xcassets */; };
		37996FE627943A4E00DBA67C /* LaunchScreen.storyboard in Resources */ = {isa = PBXBuildFile; fileRef = 37996FE427943A4E00DBA67C /* LaunchScreen.storyboard */; };
		37996FF127943A4F00DBA67C /* FlickerImageSearchDemoTests.swift in Sources */ = {isa = PBXBuildFile; fileRef = 37996FF027943A4F00DBA67C /* FlickerImageSearchDemoTests.swift */; };
		37996FFB27943A4F00DBA67C /* FlickerImageSearchDemoUITests.swift in Sources */ = {isa = PBXBuildFile; fileRef = 37996FFA27943A4F00DBA67C /* FlickerImageSearchDemoUITests.swift */; };
		37996FFD27943A4F00DBA67C /* FlickerImageSearchDemoUITestsLaunchTests.swift in Sources */ = {isa = PBXBuildFile; fileRef = 37996FFC27943A4F00DBA67C /* FlickerImageSearchDemoUITestsLaunchTests.swift */; };
		3799700F27943B6F00DBA67C /* FlickerImgesVC.swift in Sources */ = {isa = PBXBuildFile; fileRef = 3799700E27943B6F00DBA67C /* FlickerImgesVC.swift */; };
		3799701127943D1800DBA67C /* APIManager.swift in Sources */ = {isa = PBXBuildFile; fileRef = 3799701027943D1800DBA67C /* APIManager.swift */; };
		3799701327943D3900DBA67C /* FlickerImageVM.swift in Sources */ = {isa = PBXBuildFile; fileRef = 3799701227943D3900DBA67C /* FlickerImageVM.swift */; };
		3799701527943D4C00DBA67C /* FlickerImageModel.swift in Sources */ = {isa = PBXBuildFile; fileRef = 3799701427943D4C00DBA67C /* FlickerImageModel.swift */; };
		3799701827943E0800DBA67C /* ImageCollectionViewCell.swift in Sources */ = {isa = PBXBuildFile; fileRef = 3799701627943E0800DBA67C /* ImageCollectionViewCell.swift */; };
		3799701927943E0800DBA67C /* ImageCollectionViewCell.xib in Resources */ = {isa = PBXBuildFile; fileRef = 3799701727943E0800DBA67C /* ImageCollectionViewCell.xib */; };
		3799701B2794624D00DBA67C /* ImageCollectionViewCellVM.swift in Sources */ = {isa = PBXBuildFile; fileRef = 3799701A2794624D00DBA67C /* ImageCollectionViewCellVM.swift */; };
		37DD270F2795D61D007B2539 /* protocols.swift in Sources */ = {isa = PBXBuildFile; fileRef = 37DD270E2795D61D007B2539 /* protocols.swift */; };
/* End PBXBuildFile section */

/* Begin PBXContainerItemProxy section */
		37996FED27943A4F00DBA67C /* PBXContainerItemProxy */ = {
			isa = PBXContainerItemProxy;
			containerPortal = 37996FCE27943A4B00DBA67C /* Project object */;
			proxyType = 1;
			remoteGlobalIDString = 37996FD527943A4B00DBA67C;
			remoteInfo = FlickerImageSearchDemo;
		};
		37996FF727943A4F00DBA67C /* PBXContainerItemProxy */ = {
			isa = PBXContainerItemProxy;
			containerPortal = 37996FCE27943A4B00DBA67C /* Project object */;
			proxyType = 1;
			remoteGlobalIDString = 37996FD527943A4B00DBA67C;
			remoteInfo = FlickerImageSearchDemo;
		};
/* End PBXContainerItemProxy section */

/* Begin PBXFileReference section */
		37996FD627943A4B00DBA67C /* FlickerImageSearchDemo.app */ = {isa = PBXFileReference; explicitFileType = wrapper.application; includeInIndex = 0; path = FlickerImageSearchDemo.app; sourceTree = BUILT_PRODUCTS_DIR; };
		37996FD927943A4B00DBA67C /* AppDelegate.swift */ = {isa = PBXFileReference; lastKnownFileType = sourcecode.swift; path = AppDelegate.swift; sourceTree = "<group>"; };
		37996FDB27943A4B00DBA67C /* SceneDelegate.swift */ = {isa = PBXFileReference; lastKnownFileType = sourcecode.swift; path = SceneDelegate.swift; sourceTree = "<group>"; };
		37996FE027943A4B00DBA67C /* Base */ = {isa = PBXFileReference; lastKnownFileType = file.storyboard; name = Base; path = Base.lproj/Main.storyboard; sourceTree = "<group>"; };
		37996FE227943A4E00DBA67C /* Assets.xcassets */ = {isa = PBXFileReference; lastKnownFileType = folder.assetcatalog; path = Assets.xcassets; sourceTree = "<group>"; };
		37996FE527943A4E00DBA67C /* Base */ = {isa = PBXFileReference; lastKnownFileType = file.storyboard; name = Base; path = Base.lproj/LaunchScreen.storyboard; sourceTree = "<group>"; };
		37996FE727943A4E00DBA67C /* Info.plist */ = {isa = PBXFileReference; lastKnownFileType = text.plist.xml; path = Info.plist; sourceTree = "<group>"; };
		37996FEC27943A4F00DBA67C /* FlickerImageSearchDemoTests.xctest */ = {isa = PBXFileReference; explicitFileType = wrapper.cfbundle; includeInIndex = 0; path = FlickerImageSearchDemoTests.xctest; sourceTree = BUILT_PRODUCTS_DIR; };
		37996FF027943A4F00DBA67C /* FlickerImageSearchDemoTests.swift */ = {isa = PBXFileReference; lastKnownFileType = sourcecode.swift; path = FlickerImageSearchDemoTests.swift; sourceTree = "<group>"; };
		37996FF627943A4F00DBA67C /* FlickerImageSearchDemoUITests.xctest */ = {isa = PBXFileReference; explicitFileType = wrapper.cfbundle; includeInIndex = 0; path = FlickerImageSearchDemoUITests.xctest; sourceTree = BUILT_PRODUCTS_DIR; };
		37996FFA27943A4F00DBA67C /* FlickerImageSearchDemoUITests.swift */ = {isa = PBXFileReference; lastKnownFileType = sourcecode.swift; path = FlickerImageSearchDemoUITests.swift; sourceTree = "<group>"; };
		37996FFC27943A4F00DBA67C /* FlickerImageSearchDemoUITestsLaunchTests.swift */ = {isa = PBXFileReference; lastKnownFileType = sourcecode.swift; path = FlickerImageSearchDemoUITestsLaunchTests.swift; sourceTree = "<group>"; };
		3799700E27943B6F00DBA67C /* FlickerImgesVC.swift */ = {isa = PBXFileReference; lastKnownFileType = sourcecode.swift; path = FlickerImgesVC.swift; sourceTree = "<group>"; };
		3799701027943D1800DBA67C /* APIManager.swift */ = {isa = PBXFileReference; lastKnownFileType = sourcecode.swift; path = APIManager.swift; sourceTree = "<group>"; };
		3799701227943D3900DBA67C /* FlickerImageVM.swift */ = {isa = PBXFileReference; lastKnownFileType = sourcecode.swift; path = FlickerImageVM.swift; sourceTree = "<group>"; };
		3799701427943D4C00DBA67C /* FlickerImageModel.swift */ = {isa = PBXFileReference; lastKnownFileType = sourcecode.swift; path = FlickerImageModel.swift; sourceTree = "<group>"; };
		3799701627943E0800DBA67C /* ImageCollectionViewCell.swift */ = {isa = PBXFileReference; lastKnownFileType = sourcecode.swift; path = ImageCollectionViewCell.swift; sourceTree = "<group>"; };
		3799701727943E0800DBA67C /* ImageCollectionViewCell.xib */ = {isa = PBXFileReference; lastKnownFileType = file.xib; path = ImageCollectionViewCell.xib; sourceTree = "<group>"; };
		3799701A2794624D00DBA67C /* ImageCollectionViewCellVM.swift */ = {isa = PBXFileReference; lastKnownFileType = sourcecode.swift; path = ImageCollectionViewCellVM.swift; sourceTree = "<group>"; };
		37DD270E2795D61D007B2539 /* protocols.swift */ = {isa = PBXFileReference; lastKnownFileType = sourcecode.swift; path = protocols.swift; sourceTree = "<group>"; };
/* End PBXFileReference section */

/* Begin PBXFrameworksBuildPhase section */
		37996FD327943A4B00DBA67C /* Frameworks */ = {
			isa = PBXFrameworksBuildPhase;
			buildActionMask = 2147483647;
			files = (
			);
			runOnlyForDeploymentPostprocessing = 0;
		};
		37996FE927943A4F00DBA67C /* Frameworks */ = {
			isa = PBXFrameworksBuildPhase;
			buildActionMask = 2147483647;
			files = (
			);
			runOnlyForDeploymentPostprocessing = 0;
		};
		37996FF327943A4F00DBA67C /* Frameworks */ = {
			isa = PBXFrameworksBuildPhase;
			buildActionMask = 2147483647;
			files = (
			);
			runOnlyForDeploymentPostprocessing = 0;
		};
/* End PBXFrameworksBuildPhase section */

/* Begin PBXGroup section */
		37996FCD27943A4B00DBA67C = {
			isa = PBXGroup;
			children = (
				37996FD827943A4B00DBA67C /* FlickerImageSearchDemo */,
				37996FEF27943A4F00DBA67C /* FlickerImageSearchDemoTests */,
				37996FF927943A4F00DBA67C /* FlickerImageSearchDemoUITests */,
				37996FD727943A4B00DBA67C /* Products */,
			);
			sourceTree = "<group>";
		};
		37996FD727943A4B00DBA67C /* Products */ = {
			isa = PBXGroup;
			children = (
				37996FD627943A4B00DBA67C /* FlickerImageSearchDemo.app */,
				37996FEC27943A4F00DBA67C /* FlickerImageSearchDemoTests.xctest */,
				37996FF627943A4F00DBA67C /* FlickerImageSearchDemoUITests.xctest */,
			);
			name = Products;
			sourceTree = "<group>";
		};
		37996FD827943A4B00DBA67C /* FlickerImageSearchDemo */ = {
			isa = PBXGroup;
			children = (
				37DD270D2795D605007B2539 /* Protocols */,
				3799700D27943B0200DBA67C /* API Manager */,
				3799700C27943AF200DBA67C /* ViewModel */,
				3799700B27943AE900DBA67C /* Model */,
				3799700A27943AE200DBA67C /* View */,
				3799700927943AD200DBA67C /* Controller */,
				37996FD927943A4B00DBA67C /* AppDelegate.swift */,
				37996FDB27943A4B00DBA67C /* SceneDelegate.swift */,
				37996FDF27943A4B00DBA67C /* Main.storyboard */,
				37996FE227943A4E00DBA67C /* Assets.xcassets */,
				37996FE427943A4E00DBA67C /* LaunchScreen.storyboard */,
				37996FE727943A4E00DBA67C /* Info.plist */,
			);
			path = FlickerImageSearchDemo;
			sourceTree = "<group>";
		};
		37996FEF27943A4F00DBA67C /* FlickerImageSearchDemoTests */ = {
			isa = PBXGroup;
			children = (
				37996FF027943A4F00DBA67C /* FlickerImageSearchDemoTests.swift */,
			);
			path = FlickerImageSearchDemoTests;
			sourceTree = "<group>";
		};
		37996FF927943A4F00DBA67C /* FlickerImageSearchDemoUITests */ = {
			isa = PBXGroup;
			children = (
				37996FFA27943A4F00DBA67C /* FlickerImageSearchDemoUITests.swift */,
				37996FFC27943A4F00DBA67C /* FlickerImageSearchDemoUITestsLaunchTests.swift */,
			);
			path = FlickerImageSearchDemoUITests;
			sourceTree = "<group>";
		};
		3799700927943AD200DBA67C /* Controller */ = {
			isa = PBXGroup;
			children = (
				3799700E27943B6F00DBA67C /* FlickerImgesVC.swift */,
			);
			path = Controller;
			sourceTree = "<group>";
		};
		3799700A27943AE200DBA67C /* View */ = {
			isa = PBXGroup;
			children = (
				3799701627943E0800DBA67C /* ImageCollectionViewCell.swift */,
				3799701727943E0800DBA67C /* ImageCollectionViewCell.xib */,
			);
			path = View;
			sourceTree = "<group>";
		};
		3799700B27943AE900DBA67C /* Model */ = {
			isa = PBXGroup;
			children = (
				3799701427943D4C00DBA67C /* FlickerImageModel.swift */,
			);
			path = Model;
			sourceTree = "<group>";
		};
		3799700C27943AF200DBA67C /* ViewModel */ = {
			isa = PBXGroup;
			children = (
				3799701227943D3900DBA67C /* FlickerImageVM.swift */,
				3799701A2794624D00DBA67C /* ImageCollectionViewCellVM.swift */,
			);
			path = ViewModel;
			sourceTree = "<group>";
		};
		3799700D27943B0200DBA67C /* API Manager */ = {
			isa = PBXGroup;
			children = (
				3799701027943D1800DBA67C /* APIManager.swift */,
			);
			path = "API Manager";
			sourceTree = "<group>";
		};
		37DD270D2795D605007B2539 /* Protocols */ = {
			isa = PBXGroup;
			children = (
				37DD270E2795D61D007B2539 /* protocols.swift */,
			);
			path = Protocols;
			sourceTree = "<group>";
		};
/* End PBXGroup section */

/* Begin PBXNativeTarget section */
		37996FD527943A4B00DBA67C /* FlickerImageSearchDemo */ = {
			isa = PBXNativeTarget;
			buildConfigurationList = 3799700027943A4F00DBA67C /* Build configuration list for PBXNativeTarget "FlickerImageSearchDemo" */;
			buildPhases = (
				37996FD227943A4B00DBA67C /* Sources */,
				37996FD327943A4B00DBA67C /* Frameworks */,
				37996FD427943A4B00DBA67C /* Resources */,
			);
			buildRules = (
			);
			dependencies = (
			);
			name = FlickerImageSearchDemo;
			productName = FlickerImageSearchDemo;
			productReference = 37996FD627943A4B00DBA67C /* FlickerImageSearchDemo.app */;
			productType = "com.apple.product-type.application";
		};
		37996FEB27943A4F00DBA67C /* FlickerImageSearchDemoTests */ = {
			isa = PBXNativeTarget;
			buildConfigurationList = 3799700327943A4F00DBA67C /* Build configuration list for PBXNativeTarget "FlickerImageSearchDemoTests" */;
			buildPhases = (
				37996FE827943A4F00DBA67C /* Sources */,
				37996FE927943A4F00DBA67C /* Frameworks */,
				37996FEA27943A4F00DBA67C /* Resources */,
			);
			buildRules = (
			);
			dependencies = (
				37996FEE27943A4F00DBA67C /* PBXTargetDependency */,
			);
			name = FlickerImageSearchDemoTests;
			productName = FlickerImageSearchDemoTests;
			productReference = 37996FEC27943A4F00DBA67C /* FlickerImageSearchDemoTests.xctest */;
			productType = "com.apple.product-type.bundle.unit-test";
		};
		37996FF527943A4F00DBA67C /* FlickerImageSearchDemoUITests */ = {
			isa = PBXNativeTarget;
			buildConfigurationList = 3799700627943A4F00DBA67C /* Build configuration list for PBXNativeTarget "FlickerImageSearchDemoUITests" */;
			buildPhases = (
				37996FF227943A4F00DBA67C /* Sources */,
				37996FF327943A4F00DBA67C /* Frameworks */,
				37996FF427943A4F00DBA67C /* Resources */,
			);
			buildRules = (
			);
			dependencies = (
				37996FF827943A4F00DBA67C /* PBXTargetDependency */,
			);
			name = FlickerImageSearchDemoUITests;
			productName = FlickerImageSearchDemoUITests;
			productReference = 37996FF627943A4F00DBA67C /* FlickerImageSearchDemoUITests.xctest */;
			productType = "com.apple.product-type.bundle.ui-testing";
		};
/* End PBXNativeTarget section */

/* Begin PBXProject section */
		37996FCE27943A4B00DBA67C /* Project object */ = {
			isa = PBXProject;
			attributes = {
				BuildIndependentTargetsInParallel = 1;
				LastSwiftUpdateCheck = 1300;
				LastUpgradeCheck = 1300;
				TargetAttributes = {
					37996FD527943A4B00DBA67C = {
						CreatedOnToolsVersion = 13.0;
					};
					37996FEB27943A4F00DBA67C = {
						CreatedOnToolsVersion = 13.0;
						TestTargetID = 37996FD527943A4B00DBA67C;
					};
					37996FF527943A4F00DBA67C = {
						CreatedOnToolsVersion = 13.0;
						TestTargetID = 37996FD527943A4B00DBA67C;
					};
				};
			};
			buildConfigurationList = 37996FD127943A4B00DBA67C /* Build configuration list for PBXProject "FlickerImageSearchDemo" */;
			compatibilityVersion = "Xcode 13.0";
			developmentRegion = en;
			hasScannedForEncodings = 0;
			knownRegions = (
				en,
				Base,
			);
			mainGroup = 37996FCD27943A4B00DBA67C;
			productRefGroup = 37996FD727943A4B00DBA67C /* Products */;
			projectDirPath = "";
			projectRoot = "";
			targets = (
				37996FD527943A4B00DBA67C /* FlickerImageSearchDemo */,
				37996FEB27943A4F00DBA67C /* FlickerImageSearchDemoTests */,
				37996FF527943A4F00DBA67C /* FlickerImageSearchDemoUITests */,
			);
		};
/* End PBXProject section */

/* Begin PBXResourcesBuildPhase section */
		37996FD427943A4B00DBA67C /* Resources */ = {
			isa = PBXResourcesBuildPhase;
			buildActionMask = 2147483647;
			files = (
				37996FE627943A4E00DBA67C /* LaunchScreen.storyboard in Resources */,
				37996FE327943A4E00DBA67C /* Assets.xcassets in Resources */,
				3799701927943E0800DBA67C /* ImageCollectionViewCell.xib in Resources */,
				37996FE127943A4B00DBA67C /* Main.storyboard in Resources */,
			);
			runOnlyForDeploymentPostprocessing = 0;
		};
		37996FEA27943A4F00DBA67C /* Resources */ = {
			isa = PBXResourcesBuildPhase;
			buildActionMask = 2147483647;
			files = (
			);
			runOnlyForDeploymentPostprocessing = 0;
		};
		37996FF427943A4F00DBA67C /* Resources */ = {
			isa = PBXResourcesBuildPhase;
			buildActionMask = 2147483647;
			files = (
			);
			runOnlyForDeploymentPostprocessing = 0;
		};
/* End PBXResourcesBuildPhase section */

/* Begin PBXSourcesBuildPhase section */
		37996FD227943A4B00DBA67C /* Sources */ = {
			isa = PBXSourcesBuildPhase;
			buildActionMask = 2147483647;
			files = (
				3799701327943D3900DBA67C /* FlickerImageVM.swift in Sources */,
				3799700F27943B6F00DBA67C /* FlickerImgesVC.swift in Sources */,
				3799701127943D1800DBA67C /* APIManager.swift in Sources */,
				3799701827943E0800DBA67C /* ImageCollectionViewCell.swift in Sources */,
				37996FDA27943A4B00DBA67C /* AppDelegate.swift in Sources */,
				37996FDC27943A4B00DBA67C /* SceneDelegate.swift in Sources */,
				37DD270F2795D61D007B2539 /* protocols.swift in Sources */,
				3799701527943D4C00DBA67C /* FlickerImageModel.swift in Sources */,
				3799701B2794624D00DBA67C /* ImageCollectionViewCellVM.swift in Sources */,
			);
			runOnlyForDeploymentPostprocessing = 0;
		};
		37996FE827943A4F00DBA67C /* Sources */ = {
			isa = PBXSourcesBuildPhase;
			buildActionMask = 2147483647;
			files = (
				37996FF127943A4F00DBA67C /* FlickerImageSearchDemoTests.swift in Sources */,
			);
			runOnlyForDeploymentPostprocessing = 0;
		};
		37996FF227943A4F00DBA67C /* Sources */ = {
			isa = PBXSourcesBuildPhase;
			buildActionMask = 2147483647;
			files = (
				37996FFD27943A4F00DBA67C /* FlickerImageSearchDemoUITestsLaunchTests.swift in Sources */,
				37996FFB27943A4F00DBA67C /* FlickerImageSearchDemoUITests.swift in Sources */,
			);
			runOnlyForDeploymentPostprocessing = 0;
		};
/* End PBXSourcesBuildPhase section */

/* Begin PBXTargetDependency section */
		37996FEE27943A4F00DBA67C /* PBXTargetDependency */ = {
			isa = PBXTargetDependency;
			target = 37996FD527943A4B00DBA67C /* FlickerImageSearchDemo */;
			targetProxy = 37996FED27943A4F00DBA67C /* PBXContainerItemProxy */;
		};
		37996FF827943A4F00DBA67C /* PBXTargetDependency */ = {
			isa = PBXTargetDependency;
			target = 37996FD527943A4B00DBA67C /* FlickerImageSearchDemo */;
			targetProxy = 37996FF727943A4F00DBA67C /* PBXContainerItemProxy */;
		};
/* End PBXTargetDependency section */

/* Begin PBXVariantGroup section */
		37996FDF27943A4B00DBA67C /* Main.storyboard */ = {
			isa = PBXVariantGroup;
			children = (
				37996FE027943A4B00DBA67C /* Base */,
			);
			name = Main.storyboard;
			sourceTree = "<group>";
		};
		37996FE427943A4E00DBA67C /* LaunchScreen.storyboard */ = {
			isa = PBXVariantGroup;
			children = (
				37996FE527943A4E00DBA67C /* Base */,
			);
			name = LaunchScreen.storyboard;
			sourceTree = "<group>";
		};
/* End PBXVariantGroup section */

/* Begin XCBuildConfiguration section */
		37996FFE27943A4F00DBA67C /* Debug */ = {
			isa = XCBuildConfiguration;
			buildSettings = {
				ALWAYS_SEARCH_USER_PATHS = NO;
				CLANG_ANALYZER_NONNULL = YES;
				CLANG_ANALYZER_NUMBER_OBJECT_CONVERSION = YES_AGGRESSIVE;
				CLANG_CXX_LANGUAGE_STANDARD = "gnu++17";
				CLANG_CXX_LIBRARY = "libc++";
				CLANG_ENABLE_MODULES = YES;
				CLANG_ENABLE_OBJC_ARC = YES;
				CLANG_ENABLE_OBJC_WEAK = YES;
				CLANG_WARN_BLOCK_CAPTURE_AUTORELEASING = YES;
				CLANG_WARN_BOOL_CONVERSION = YES;
				CLANG_WARN_COMMA = YES;
				CLANG_WARN_CONSTANT_CONVERSION = YES;
				CLANG_WARN_DEPRECATED_OBJC_IMPLEMENTATIONS = YES;
				CLANG_WARN_DIRECT_OBJC_ISA_USAGE = YES_ERROR;
				CLANG_WARN_DOCUMENTATION_COMMENTS = YES;
				CLANG_WARN_EMPTY_BODY = YES;
				CLANG_WARN_ENUM_CONVERSION = YES;
				CLANG_WARN_INFINITE_RECURSION = YES;
				CLANG_WARN_INT_CONVERSION = YES;
				CLANG_WARN_NON_LITERAL_NULL_CONVERSION = YES;
				CLANG_WARN_OBJC_IMPLICIT_RETAIN_SELF = YES;
				CLANG_WARN_OBJC_LITERAL_CONVERSION = YES;
				CLANG_WARN_OBJC_ROOT_CLASS = YES_ERROR;
				CLANG_WARN_QUOTED_INCLUDE_IN_FRAMEWORK_HEADER = YES;
				CLANG_WARN_RANGE_LOOP_ANALYSIS = YES;
				CLANG_WARN_STRICT_PROTOTYPES = YES;
				CLANG_WARN_SUSPICIOUS_MOVE = YES;
				CLANG_WARN_UNGUARDED_AVAILABILITY = YES_AGGRESSIVE;
				CLANG_WARN_UNREACHABLE_CODE = YES;
				CLANG_WARN__DUPLICATE_METHOD_MATCH = YES;
				COPY_PHASE_STRIP = NO;
				DEBUG_INFORMATION_FORMAT = dwarf;
				ENABLE_STRICT_OBJC_MSGSEND = YES;
				ENABLE_TESTABILITY = YES;
				GCC_C_LANGUAGE_STANDARD = gnu11;
				GCC_DYNAMIC_NO_PIC = NO;
				GCC_NO_COMMON_BLOCKS = YES;
				GCC_OPTIMIZATION_LEVEL = 0;
				GCC_PREPROCESSOR_DEFINITIONS = (
					"DEBUG=1",
					"$(inherited)",
				);
				GCC_WARN_64_TO_32_BIT_CONVERSION = YES;
				GCC_WARN_ABOUT_RETURN_TYPE = YES_ERROR;
				GCC_WARN_UNDECLARED_SELECTOR = YES;
				GCC_WARN_UNINITIALIZED_AUTOS = YES_AGGRESSIVE;
				GCC_WARN_UNUSED_FUNCTION = YES;
				GCC_WARN_UNUSED_VARIABLE = YES;
				IPHONEOS_DEPLOYMENT_TARGET = 15.0;
				MTL_ENABLE_DEBUG_INFO = INCLUDE_SOURCE;
				MTL_FAST_MATH = YES;
				ONLY_ACTIVE_ARCH = YES;
				SDKROOT = iphoneos;
				SWIFT_ACTIVE_COMPILATION_CONDITIONS = DEBUG;
				SWIFT_OPTIMIZATION_LEVEL = "-Onone";
			};
			name = Debug;
		};
		37996FFF27943A4F00DBA67C /* Release */ = {
			isa = XCBuildConfiguration;
			buildSettings = {
				ALWAYS_SEARCH_USER_PATHS = NO;
				CLANG_ANALYZER_NONNULL = YES;
				CLANG_ANALYZER_NUMBER_OBJECT_CONVERSION = YES_AGGRESSIVE;
				CLANG_CXX_LANGUAGE_STANDARD = "gnu++17";
				CLANG_CXX_LIBRARY = "libc++";
				CLANG_ENABLE_MODULES = YES;
				CLANG_ENABLE_OBJC_ARC = YES;
				CLANG_ENABLE_OBJC_WEAK = YES;
				CLANG_WARN_BLOCK_CAPTURE_AUTORELEASING = YES;
				CLANG_WARN_BOOL_CONVERSION = YES;
				CLANG_WARN_COMMA = YES;
				CLANG_WARN_CONSTANT_CONVERSION = YES;
				CLANG_WARN_DEPRECATED_OBJC_IMPLEMENTATIONS = YES;
				CLANG_WARN_DIRECT_OBJC_ISA_USAGE = YES_ERROR;
				CLANG_WARN_DOCUMENTATION_COMMENTS = YES;
				CLANG_WARN_EMPTY_BODY = YES;
				CLANG_WARN_ENUM_CONVERSION = YES;
				CLANG_WARN_INFINITE_RECURSION = YES;
				CLANG_WARN_INT_CONVERSION = YES;
				CLANG_WARN_NON_LITERAL_NULL_CONVERSION = YES;
				CLANG_WARN_OBJC_IMPLICIT_RETAIN_SELF = YES;
				CLANG_WARN_OBJC_LITERAL_CONVERSION = YES;
				CLANG_WARN_OBJC_ROOT_CLASS = YES_ERROR;
				CLANG_WARN_QUOTED_INCLUDE_IN_FRAMEWORK_HEADER = YES;
				CLANG_WARN_RANGE_LOOP_ANALYSIS = YES;
				CLANG_WARN_STRICT_PROTOTYPES = YES;
				CLANG_WARN_SUSPICIOUS_MOVE = YES;
				CLANG_WARN_UNGUARDED_AVAILABILITY = YES_AGGRESSIVE;
				CLANG_WARN_UNREACHABLE_CODE = YES;
				CLANG_WARN__DUPLICATE_METHOD_MATCH = YES;
				COPY_PHASE_STRIP = NO;
				DEBUG_INFORMATION_FORMAT = "dwarf-with-dsym";
				ENABLE_NS_ASSERTIONS = NO;
				ENABLE_STRICT_OBJC_MSGSEND = YES;
				GCC_C_LANGUAGE_STANDARD = gnu11;
				GCC_NO_COMMON_BLOCKS = YES;
				GCC_WARN_64_TO_32_BIT_CONVERSION = YES;
				GCC_WARN_ABOUT_RETURN_TYPE = YES_ERROR;
				GCC_WARN_UNDECLARED_SELECTOR = YES;
				GCC_WARN_UNINITIALIZED_AUTOS = YES_AGGRESSIVE;
				GCC_WARN_UNUSED_FUNCTION = YES;
				GCC_WARN_UNUSED_VARIABLE = YES;
				IPHONEOS_DEPLOYMENT_TARGET = 15.0;
				MTL_ENABLE_DEBUG_INFO = NO;
				MTL_FAST_MATH = YES;
				SDKROOT = iphoneos;
				SWIFT_COMPILATION_MODE = wholemodule;
				SWIFT_OPTIMIZATION_LEVEL = "-O";
				VALIDATE_PRODUCT = YES;
			};
			name = Release;
		};
		3799700127943A4F00DBA67C /* Debug */ = {
			isa = XCBuildConfiguration;
			buildSettings = {
				ASSETCATALOG_COMPILER_APPICON_NAME = AppIcon;
				ASSETCATALOG_COMPILER_GLOBAL_ACCENT_COLOR_NAME = AccentColor;
				CODE_SIGN_STYLE = Automatic;
				CURRENT_PROJECT_VERSION = 1;
				GENERATE_INFOPLIST_FILE = YES;
				INFOPLIST_FILE = FlickerImageSearchDemo/Info.plist;
				INFOPLIST_KEY_UIApplicationSupportsIndirectInputEvents = YES;
				INFOPLIST_KEY_UILaunchStoryboardName = LaunchScreen;
				INFOPLIST_KEY_UIMainStoryboardFile = Main;
				INFOPLIST_KEY_UISupportedInterfaceOrientations_iPad = "UIInterfaceOrientationPortrait UIInterfaceOrientationPortraitUpsideDown UIInterfaceOrientationLandscapeLeft UIInterfaceOrientationLandscapeRight";
				INFOPLIST_KEY_UISupportedInterfaceOrientations_iPhone = "UIInterfaceOrientationPortrait UIInterfaceOrientationLandscapeLeft UIInterfaceOrientationLandscapeRight";
				LD_RUNPATH_SEARCH_PATHS = (
					"$(inherited)",
					"@executable_path/Frameworks",
				);
				MARKETING_VERSION = 1.0;
				PRODUCT_BUNDLE_IDENTIFIER = com.myTeam.FlickerImageSearchDemo;
				PRODUCT_NAME = "$(TARGET_NAME)";
				SWIFT_EMIT_LOC_STRINGS = YES;
				SWIFT_VERSION = 5.0;
				TARGETED_DEVICE_FAMILY = "1,2";
			};
			name = Debug;
		};
		3799700227943A4F00DBA67C /* Release */ = {
			isa = XCBuildConfiguration;
			buildSettings = {
				ASSETCATALOG_COMPILER_APPICON_NAME = AppIcon;
				ASSETCATALOG_COMPILER_GLOBAL_ACCENT_COLOR_NAME = AccentColor;
				CODE_SIGN_STYLE = Automatic;
				CURRENT_PROJECT_VERSION = 1;
				GENERATE_INFOPLIST_FILE = YES;
				INFOPLIST_FILE = FlickerImageSearchDemo/Info.plist;
				INFOPLIST_KEY_UIApplicationSupportsIndirectInputEvents = YES;
				INFOPLIST_KEY_UILaunchStoryboardName = LaunchScreen;
				INFOPLIST_KEY_UIMainStoryboardFile = Main;
				INFOPLIST_KEY_UISupportedInterfaceOrientations_iPad = "UIInterfaceOrientationPortrait UIInterfaceOrientationPortraitUpsideDown UIInterfaceOrientationLandscapeLeft UIInterfaceOrientationLandscapeRight";
				INFOPLIST_KEY_UISupportedInterfaceOrientations_iPhone = "UIInterfaceOrientationPortrait UIInterfaceOrientationLandscapeLeft UIInterfaceOrientationLandscapeRight";
				LD_RUNPATH_SEARCH_PATHS = (
					"$(inherited)",
					"@executable_path/Frameworks",
				);
				MARKETING_VERSION = 1.0;
				PRODUCT_BUNDLE_IDENTIFIER = com.myTeam.FlickerImageSearchDemo;
				PRODUCT_NAME = "$(TARGET_NAME)";
				SWIFT_EMIT_LOC_STRINGS = YES;
				SWIFT_VERSION = 5.0;
				TARGETED_DEVICE_FAMILY = "1,2";
			};
			name = Release;
		};
		3799700427943A4F00DBA67C /* Debug */ = {
			isa = XCBuildConfiguration;
			buildSettings = {
				ALWAYS_EMBED_SWIFT_STANDARD_LIBRARIES = YES;
				BUNDLE_LOADER = "$(TEST_HOST)";
				CODE_SIGN_STYLE = Automatic;
				CURRENT_PROJECT_VERSION = 1;
				GENERATE_INFOPLIST_FILE = YES;
				IPHONEOS_DEPLOYMENT_TARGET = 15.0;
				LD_RUNPATH_SEARCH_PATHS = (
					"$(inherited)",
					"@executable_path/Frameworks",
					"@loader_path/Frameworks",
				);
				MARKETING_VERSION = 1.0;
				PRODUCT_BUNDLE_IDENTIFIER = com.myTeam.FlickerImageSearchDemoTests;
				PRODUCT_NAME = "$(TARGET_NAME)";
				SWIFT_EMIT_LOC_STRINGS = NO;
				SWIFT_VERSION = 5.0;
				TARGETED_DEVICE_FAMILY = "1,2";
				TEST_HOST = "$(BUILT_PRODUCTS_DIR)/FlickerImageSearchDemo.app/FlickerImageSearchDemo";
			};
			name = Debug;
		};
		3799700527943A4F00DBA67C /* Release */ = {
			isa = XCBuildConfiguration;
			buildSettings = {
				ALWAYS_EMBED_SWIFT_STANDARD_LIBRARIES = YES;
				BUNDLE_LOADER = "$(TEST_HOST)";
				CODE_SIGN_STYLE = Automatic;
				CURRENT_PROJECT_VERSION = 1;
				GENERATE_INFOPLIST_FILE = YES;
				IPHONEOS_DEPLOYMENT_TARGET = 15.0;
				LD_RUNPATH_SEARCH_PATHS = (
					"$(inherited)",
					"@executable_path/Frameworks",
					"@loader_path/Frameworks",
				);
				MARKETING_VERSION = 1.0;
				PRODUCT_BUNDLE_IDENTIFIER = com.myTeam.FlickerImageSearchDemoTests;
				PRODUCT_NAME = "$(TARGET_NAME)";
				SWIFT_EMIT_LOC_STRINGS = NO;
				SWIFT_VERSION = 5.0;
				TARGETED_DEVICE_FAMILY = "1,2";
				TEST_HOST = "$(BUILT_PRODUCTS_DIR)/FlickerImageSearchDemo.app/FlickerImageSearchDemo";
			};
			name = Release;
		};
		3799700727943A4F00DBA67C /* Debug */ = {
			isa = XCBuildConfiguration;
			buildSettings = {
				ALWAYS_EMBED_SWIFT_STANDARD_LIBRARIES = YES;
				CODE_SIGN_STYLE = Automatic;
				CURRENT_PROJECT_VERSION = 1;
				GENERATE_INFOPLIST_FILE = YES;
				LD_RUNPATH_SEARCH_PATHS = (
					"$(inherited)",
					"@executable_path/Frameworks",
					"@loader_path/Frameworks",
				);
				MARKETING_VERSION = 1.0;
				PRODUCT_BUNDLE_IDENTIFIER = com.myTeam.FlickerImageSearchDemoUITests;
				PRODUCT_NAME = "$(TARGET_NAME)";
				SWIFT_EMIT_LOC_STRINGS = NO;
				SWIFT_VERSION = 5.0;
				TARGETED_DEVICE_FAMILY = "1,2";
				TEST_TARGET_NAME = FlickerImageSearchDemo;
			};
			name = Debug;
		};
		3799700827943A4F00DBA67C /* Release */ = {
			isa = XCBuildConfiguration;
			buildSettings = {
				ALWAYS_EMBED_SWIFT_STANDARD_LIBRARIES = YES;
				CODE_SIGN_STYLE = Automatic;
				CURRENT_PROJECT_VERSION = 1;
				GENERATE_INFOPLIST_FILE = YES;
				LD_RUNPATH_SEARCH_PATHS = (
					"$(inherited)",
					"@executable_path/Frameworks",
					"@loader_path/Frameworks",
				);
				MARKETING_VERSION = 1.0;
				PRODUCT_BUNDLE_IDENTIFIER = com.myTeam.FlickerImageSearchDemoUITests;
				PRODUCT_NAME = "$(TARGET_NAME)";
				SWIFT_EMIT_LOC_STRINGS = NO;
				SWIFT_VERSION = 5.0;
				TARGETED_DEVICE_FAMILY = "1,2";
				TEST_TARGET_NAME = FlickerImageSearchDemo;
			};
			name = Release;
		};
/* End XCBuildConfiguration section */

/* Begin XCConfigurationList section */
		37996FD127943A4B00DBA67C /* Build configuration list for PBXProject "FlickerImageSearchDemo" */ = {
			isa = XCConfigurationList;
			buildConfigurations = (
				37996FFE27943A4F00DBA67C /* Debug */,
				37996FFF27943A4F00DBA67C /* Release */,
			);
			defaultConfigurationIsVisible = 0;
			defaultConfigurationName = Release;
		};
		3799700027943A4F00DBA67C /* Build configuration list for PBXNativeTarget "FlickerImageSearchDemo" */ = {
			isa = XCConfigurationList;
			buildConfigurations = (
				3799700127943A4F00DBA67C /* Debug */,
				3799700227943A4F00DBA67C /* Release */,
			);
			defaultConfigurationIsVisible = 0;
			defaultConfigurationName = Release;
		};
		3799700327943A4F00DBA67C /* Build configuration list for PBXNativeTarget "FlickerImageSearchDemoTests" */ = {
			isa = XCConfigurationList;
			buildConfigurations = (
				3799700427943A4F00DBA67C /* Debug */,
				3799700527943A4F00DBA67C /* Release */,
			);
			defaultConfigurationIsVisible = 0;
			defaultConfigurationName = Release;
		};
		3799700627943A4F00DBA67C /* Build configuration list for PBXNativeTarget "FlickerImageSearchDemoUITests" */ = {
			isa = XCConfigurationList;
			buildConfigurations = (
				3799700727943A4F00DBA67C /* Debug */,
				3799700827943A4F00DBA67C /* Release */,
			);
			defaultConfigurationIsVisible = 0;
			defaultConfigurationName = Release;
		};
/* End XCConfigurationList section */
	};
	rootObject = 37996FCE27943A4B00DBA67C /* Project object */;
}
